{
  "name": "base",
  "version": "0.0.0",
  "lockfileVersion": 3,
  "requires": true,
  "packages": {
    "": {
      "name": "base",
      "version": "0.0.0",
      "license": "MIT",
      "dependencies": {
        "hold": "github:e53e04ac/hold"
      },
      "devDependencies": {
        "@types/node": "^18.11.18"
      }
    },
    "node_modules/@types/node": {
      "version": "18.11.18",
      "resolved": "https://registry.npmjs.org/@types/node/-/node-18.11.18.tgz",
      "integrity": "sha512-DHQpWGjyQKSHj3ebjFI/wRKcqQcdR+MoFBygntYOZytCqNfkd2ZC4ARDJ2DQqhjH5p85Nnd3jhUJIXrszFX/JA==",
      "dev": true
    },
    "node_modules/hold": {
      "version": "0.0.0",
      "resolved": "git+ssh://git@github.com/e53e04ac/hold.git#e8615c4f450c5becb7d36ce8a32f6fde948cb229",
      "license": "MIT"
    }
  }
}
